
Microsoft Visual Studio Solution File, Format Version 12.00
# Visual Studio Version 16
VisualStudioVersion = 16.0.28729.10
MinimumVisualStudioVersion = 10.0.40219.1
Project("{2150E333-8FDC-42A3-9474-1A3956D46DE8}") = "Web", "Web", "{E4BD2EAA-529A-4ADB-B584-E04C9CC69525}"
EndProject
Project("{2150E333-8FDC-42A3-9474-1A3956D46DE8}") = "Core", "Core", "{420AD006-2C8E-4EC8-B549-A78FE7456371}"
EndProject
Project("{2150E333-8FDC-42A3-9474-1A3956D46DE8}") = "Infrastructure", "Infrastructure", "{4906C6B9-A3D1-4118-80B7-FF99F7BF2FC3}"
EndProject
Project("{2150E333-8FDC-42A3-9474-1A3956D46DE8}") = "Application", "Application", "{9B05309C-7477-41DB-A2BA-66932B8E3098}"
EndProject
Project("{2150E333-8FDC-42A3-9474-1A3956D46DE8}") = "Domain", "Domain", "{AF899037-1BA1-4F90-A8FB-273873D0E656}"
EndProject
Project("{2150E333-8FDC-42A3-9474-1A3956D46DE8}") = "Domain", "Domain", "{DAC3BE80-5714-4FFB-AB60-E482BB291FAC}"
EndProject
Project("{2150E333-8FDC-42A3-9474-1A3956D46DE8}") = "Application", "Application", "{6B6A2A04-0201-4380-9202-5444C87A0D07}"
EndProject
Project("{2150E333-8FDC-42A3-9474-1A3956D46DE8}") = "AspNetCore", "AspNetCore", "{A2179EC1-79EE-4AF6-87D8-229811B744F4}"
EndProject
Project("{9A19103F-16F7-4668-BE54-9A1E7A4F7556}") = "Optivem.Northwind.Infrastructure.Application.Mapping.AutoMapper", "src\Infrastructure\Application\Mapping.AutoMapper\Optivem.Northwind.Infrastructure.Application.Mapping.AutoMapper.csproj", "{FD7EF4DE-C342-424B-A417-504E07BD48C5}"
EndProject
Project("{9A19103F-16F7-4668-BE54-9A1E7A4F7556}") = "Optivem.Northwind.Web.AspNetCore.Rest", "src\Web\AspNetCore\Rest\Optivem.Northwind.Web.AspNetCore.Rest.csproj", "{A86ADF20-E754-493B-B513-DB9D6D1560E3}"
EndProject
Project("{2150E333-8FDC-42A3-9474-1A3956D46DE8}") = "Src", "Src", "{D72F3B43-1028-4AF4-8BF9-F7BE7C7EAD91}"
EndProject
Project("{2150E333-8FDC-42A3-9474-1A3956D46DE8}") = "Test", "Test", "{8C1F1C08-B545-495F-9B77-0C6F5605CBB7}"
EndProject
Project("{2150E333-8FDC-42A3-9474-1A3956D46DE8}") = "Web", "Web", "{1574C93A-0E95-46D4-B0C3-5C93A2B55378}"
EndProject
Project("{2150E333-8FDC-42A3-9474-1A3956D46DE8}") = "AspNetCore", "AspNetCore", "{0E3FE3DC-486E-4B0E-9721-CCF8D4431610}"
EndProject
Project("{9A19103F-16F7-4668-BE54-9A1E7A4F7556}") = "Optivem.Northwind.Web.AspNetCore.Rest.Test", "test\Web\AspNetCore\Rest.Test\Optivem.Northwind.Web.AspNetCore.Rest.Test.csproj", "{188C710A-ACD2-48E3-9D14-91782E3984EA}"
EndProject
Project("{9A19103F-16F7-4668-BE54-9A1E7A4F7556}") = "Optivem.Northwind.Core.Domain.Entities", "src\Core\Domain\Entities\Optivem.Northwind.Core.Domain.Entities.csproj", "{135FC249-1362-4BB3-A808-68362A673EE0}"
EndProject
Project("{9A19103F-16F7-4668-BE54-9A1E7A4F7556}") = "Optivem.Northwind.Core.Domain.Repositories", "src\Core\Domain\Repositories\Optivem.Northwind.Core.Domain.Repositories.csproj", "{4AE14CB0-A475-4F7B-8038-50FF265DEDC1}"
EndProject
Project("{9A19103F-16F7-4668-BE54-9A1E7A4F7556}") = "Optivem.Northwind.Core.Domain.Services", "src\Core\Domain\Services\Optivem.Northwind.Core.Domain.Services.csproj", "{1F15CAB8-9B47-4B18-8452-B3D987284745}"
EndProject
Project("{9A19103F-16F7-4668-BE54-9A1E7A4F7556}") = "Optivem.Northwind.Core.Application.UseCases", "src\Core\Application\UseCases\Optivem.Northwind.Core.Application.UseCases.csproj", "{FCA4A4AC-766A-4AC4-BD44-2EBACE9D043C}"
EndProject
Project("{9A19103F-16F7-4668-BE54-9A1E7A4F7556}") = "Optivem.Northwind.Core.Application.Services", "src\Core\Application\Services\Optivem.Northwind.Core.Application.Services.csproj", "{5BE832D6-BD0D-412E-81A6-8E6ED6D7C81C}"
EndProject
Project("{9A19103F-16F7-4668-BE54-9A1E7A4F7556}") = "Optivem.Northwind.Core.Application.Services.Default", "src\Core\Application\Services.Default\Optivem.Northwind.Core.Application.Services.Default.csproj", "{C0E2C9AE-CABB-42E6-850B-CEE0BDDA975F}"
EndProject
Project("{9A19103F-16F7-4668-BE54-9A1E7A4F7556}") = "Optivem.Northwind.Infrastructure.Domain.Repositories.EntityFrameworkCore", "src\Infrastructure\Domain\Repositories.EntityFrameworkCore\Optivem.Northwind.Infrastructure.Domain.Repositories.EntityFrameworkCore.csproj", "{4F1BADFF-9CDF-46C9-9D46-54488FF8DE1F}"
EndProject
Project("{2150E333-8FDC-42A3-9474-1A3956D46DE8}") = "Core", "Core", "{B30E73CF-1361-41CB-B4C2-A629B81172BF}"
EndProject
Project("{2150E333-8FDC-42A3-9474-1A3956D46DE8}") = "Application", "Application", "{7230778D-F4B3-439C-B570-65A93A78525E}"
EndProject
Project("{9A19103F-16F7-4668-BE54-9A1E7A4F7556}") = "Optivem.Northwind.Core.Application.UseCases.Test", "test\Core\Application\UseCases.Test\Optivem.Northwind.Core.Application.UseCases.Test.csproj", "{0C9C4CEB-0393-4538-8296-FBE24A3DAFBC}"
EndProject
Global
	GlobalSection(SolutionConfigurationPlatforms) = preSolution
		Debug|Any CPU = Debug|Any CPU
		Release|Any CPU = Release|Any CPU
	EndGlobalSection
	GlobalSection(ProjectConfigurationPlatforms) = postSolution
		{FD7EF4DE-C342-424B-A417-504E07BD48C5}.Debug|Any CPU.ActiveCfg = Debug|Any CPU
		{FD7EF4DE-C342-424B-A417-504E07BD48C5}.Debug|Any CPU.Build.0 = Debug|Any CPU
		{FD7EF4DE-C342-424B-A417-504E07BD48C5}.Release|Any CPU.ActiveCfg = Release|Any CPU
		{FD7EF4DE-C342-424B-A417-504E07BD48C5}.Release|Any CPU.Build.0 = Release|Any CPU
		{A86ADF20-E754-493B-B513-DB9D6D1560E3}.Debug|Any CPU.ActiveCfg = Debug|Any CPU
		{A86ADF20-E754-493B-B513-DB9D6D1560E3}.Debug|Any CPU.Build.0 = Debug|Any CPU
		{A86ADF20-E754-493B-B513-DB9D6D1560E3}.Release|Any CPU.ActiveCfg = Release|Any CPU
		{A86ADF20-E754-493B-B513-DB9D6D1560E3}.Release|Any CPU.Build.0 = Release|Any CPU
		{188C710A-ACD2-48E3-9D14-91782E3984EA}.Debug|Any CPU.ActiveCfg = Debug|Any CPU
		{188C710A-ACD2-48E3-9D14-91782E3984EA}.Debug|Any CPU.Build.0 = Debug|Any CPU
		{188C710A-ACD2-48E3-9D14-91782E3984EA}.Release|Any CPU.ActiveCfg = Release|Any CPU
		{188C710A-ACD2-48E3-9D14-91782E3984EA}.Release|Any CPU.Build.0 = Release|Any CPU
		{135FC249-1362-4BB3-A808-68362A673EE0}.Debug|Any CPU.ActiveCfg = Debug|Any CPU
		{135FC249-1362-4BB3-A808-68362A673EE0}.Debug|Any CPU.Build.0 = Debug|Any CPU
		{135FC249-1362-4BB3-A808-68362A673EE0}.Release|Any CPU.ActiveCfg = Release|Any CPU
		{135FC249-1362-4BB3-A808-68362A673EE0}.Release|Any CPU.Build.0 = Release|Any CPU
		{4AE14CB0-A475-4F7B-8038-50FF265DEDC1}.Debug|Any CPU.ActiveCfg = Debug|Any CPU
		{4AE14CB0-A475-4F7B-8038-50FF265DEDC1}.Debug|Any CPU.Build.0 = Debug|Any CPU
		{4AE14CB0-A475-4F7B-8038-50FF265DEDC1}.Release|Any CPU.ActiveCfg = Release|Any CPU
		{4AE14CB0-A475-4F7B-8038-50FF265DEDC1}.Release|Any CPU.Build.0 = Release|Any CPU
		{1F15CAB8-9B47-4B18-8452-B3D987284745}.Debug|Any CPU.ActiveCfg = Debug|Any CPU
		{1F15CAB8-9B47-4B18-8452-B3D987284745}.Debug|Any CPU.Build.0 = Debug|Any CPU
		{1F15CAB8-9B47-4B18-8452-B3D987284745}.Release|Any CPU.ActiveCfg = Release|Any CPU
		{1F15CAB8-9B47-4B18-8452-B3D987284745}.Release|Any CPU.Build.0 = Release|Any CPU
		{FCA4A4AC-766A-4AC4-BD44-2EBACE9D043C}.Debug|Any CPU.ActiveCfg = Debug|Any CPU
		{FCA4A4AC-766A-4AC4-BD44-2EBACE9D043C}.Debug|Any CPU.Build.0 = Debug|Any CPU
		{FCA4A4AC-766A-4AC4-BD44-2EBACE9D043C}.Release|Any CPU.ActiveCfg = Release|Any CPU
		{FCA4A4AC-766A-4AC4-BD44-2EBACE9D043C}.Release|Any CPU.Build.0 = Release|Any CPU
		{5BE832D6-BD0D-412E-81A6-8E6ED6D7C81C}.Debug|Any CPU.ActiveCfg = Debug|Any CPU
		{5BE832D6-BD0D-412E-81A6-8E6ED6D7C81C}.Debug|Any CPU.Build.0 = Debug|Any CPU
		{5BE832D6-BD0D-412E-81A6-8E6ED6D7C81C}.Release|Any CPU.ActiveCfg = Release|Any CPU
		{5BE832D6-BD0D-412E-81A6-8E6ED6D7C81C}.Release|Any CPU.Build.0 = Release|Any CPU
		{C0E2C9AE-CABB-42E6-850B-CEE0BDDA975F}.Debug|Any CPU.ActiveCfg = Debug|Any CPU
		{C0E2C9AE-CABB-42E6-850B-CEE0BDDA975F}.Debug|Any CPU.Build.0 = Debug|Any CPU
		{C0E2C9AE-CABB-42E6-850B-CEE0BDDA975F}.Release|Any CPU.ActiveCfg = Release|Any CPU
		{C0E2C9AE-CABB-42E6-850B-CEE0BDDA975F}.Release|Any CPU.Build.0 = Release|Any CPU
		{4F1BADFF-9CDF-46C9-9D46-54488FF8DE1F}.Debug|Any CPU.ActiveCfg = Debug|Any CPU
		{4F1BADFF-9CDF-46C9-9D46-54488FF8DE1F}.Debug|Any CPU.Build.0 = Debug|Any CPU
		{4F1BADFF-9CDF-46C9-9D46-54488FF8DE1F}.Release|Any CPU.ActiveCfg = Release|Any CPU
		{4F1BADFF-9CDF-46C9-9D46-54488FF8DE1F}.Release|Any CPU.Build.0 = Release|Any CPU
		{0C9C4CEB-0393-4538-8296-FBE24A3DAFBC}.Debug|Any CPU.ActiveCfg = Debug|Any CPU
		{0C9C4CEB-0393-4538-8296-FBE24A3DAFBC}.Debug|Any CPU.Build.0 = Debug|Any CPU
		{0C9C4CEB-0393-4538-8296-FBE24A3DAFBC}.Release|Any CPU.ActiveCfg = Release|Any CPU
		{0C9C4CEB-0393-4538-8296-FBE24A3DAFBC}.Release|Any CPU.Build.0 = Release|Any CPU
	EndGlobalSection
	GlobalSection(SolutionProperties) = preSolution
		HideSolutionNode = FALSE
	EndGlobalSection
	GlobalSection(NestedProjects) = preSolution
		{E4BD2EAA-529A-4ADB-B584-E04C9CC69525} = {D72F3B43-1028-4AF4-8BF9-F7BE7C7EAD91}
		{420AD006-2C8E-4EC8-B549-A78FE7456371} = {D72F3B43-1028-4AF4-8BF9-F7BE7C7EAD91}
		{4906C6B9-A3D1-4118-80B7-FF99F7BF2FC3} = {D72F3B43-1028-4AF4-8BF9-F7BE7C7EAD91}
		{9B05309C-7477-41DB-A2BA-66932B8E3098} = {420AD006-2C8E-4EC8-B549-A78FE7456371}
		{AF899037-1BA1-4F90-A8FB-273873D0E656} = {420AD006-2C8E-4EC8-B549-A78FE7456371}
		{DAC3BE80-5714-4FFB-AB60-E482BB291FAC} = {4906C6B9-A3D1-4118-80B7-FF99F7BF2FC3}
		{6B6A2A04-0201-4380-9202-5444C87A0D07} = {4906C6B9-A3D1-4118-80B7-FF99F7BF2FC3}
		{A2179EC1-79EE-4AF6-87D8-229811B744F4} = {E4BD2EAA-529A-4ADB-B584-E04C9CC69525}
		{FD7EF4DE-C342-424B-A417-504E07BD48C5} = {6B6A2A04-0201-4380-9202-5444C87A0D07}
		{A86ADF20-E754-493B-B513-DB9D6D1560E3} = {A2179EC1-79EE-4AF6-87D8-229811B744F4}
		{1574C93A-0E95-46D4-B0C3-5C93A2B55378} = {8C1F1C08-B545-495F-9B77-0C6F5605CBB7}
		{0E3FE3DC-486E-4B0E-9721-CCF8D4431610} = {1574C93A-0E95-46D4-B0C3-5C93A2B55378}
		{188C710A-ACD2-48E3-9D14-91782E3984EA} = {0E3FE3DC-486E-4B0E-9721-CCF8D4431610}
		{135FC249-1362-4BB3-A808-68362A673EE0} = {AF899037-1BA1-4F90-A8FB-273873D0E656}
		{4AE14CB0-A475-4F7B-8038-50FF265DEDC1} = {AF899037-1BA1-4F90-A8FB-273873D0E656}
		{1F15CAB8-9B47-4B18-8452-B3D987284745} = {AF899037-1BA1-4F90-A8FB-273873D0E656}
		{FCA4A4AC-766A-4AC4-BD44-2EBACE9D043C} = {9B05309C-7477-41DB-A2BA-66932B8E3098}
		{5BE832D6-BD0D-412E-81A6-8E6ED6D7C81C} = {9B05309C-7477-41DB-A2BA-66932B8E3098}
		{C0E2C9AE-CABB-42E6-850B-CEE0BDDA975F} = {9B05309C-7477-41DB-A2BA-66932B8E3098}
		{4F1BADFF-9CDF-46C9-9D46-54488FF8DE1F} = {DAC3BE80-5714-4FFB-AB60-E482BB291FAC}
		{B30E73CF-1361-41CB-B4C2-A629B81172BF} = {8C1F1C08-B545-495F-9B77-0C6F5605CBB7}
		{7230778D-F4B3-439C-B570-65A93A78525E} = {B30E73CF-1361-41CB-B4C2-A629B81172BF}
		{0C9C4CEB-0393-4538-8296-FBE24A3DAFBC} = {7230778D-F4B3-439C-B570-65A93A78525E}
	EndGlobalSection
	GlobalSection(ExtensibilityGlobals) = postSolution
		SolutionGuid = {E5FBA9E2-D101-4475-95BB-CF15D4D71F05}
	EndGlobalSection
EndGlobal
